<?xml version="1.0" encoding="utf-8"?>
<Project ToolsVersion="4.0" xmlns="http://schemas.microsoft.com/developer/msbuild/2003">
  <ItemGroup>
    <Filter Include="源文件">
      <UniqueIdentifier>{4FC737F1-C7A5-4376-A066-2A32D752A2FF}</UniqueIdentifier>
      <Extensions>cpp;c;cc;cxx;def;odl;idl;hpj;bat;asm;asmx</Extensions>
    </Filter>
    <Filter Include="头文件">
      <UniqueIdentifier>{93995380-89BD-4b04-88EB-625FBE52EBFB}</UniqueIdentifier>
      <Extensions>h;hh;hpp;hxx;hm;inl;inc;xsd</Extensions>
    </Filter>
    <Filter Include="资源文件">
      <UniqueIdentifier>{67DA6AB6-F800-4c08-8B7A-83BB121AAD01}</UniqueIdentifier>
      <Extensions>rc;ico;cur;bmp;dlg;rc2;rct;bin;rgs;gif;jpg;jpeg;jpe;resx;tiff;tif;png;wav;mfcribbon-ms</Extensions>
    </Filter>
  </ItemGroup>
  <ItemGroup>
    <ClCompile Include="question6.cpp">
      <Filter>源文件</Filter>
    </ClCompile>
    <ClCompile Include="question5.cpp">
      <Filter>源文件</Filter>
    </ClCompile>
    <ClCompile Include="question29.cpp">
      <Filter>源文件</Filter>
    </ClCompile>
    <ClCompile Include="main.cpp">
      <Filter>源文件</Filter>
    </ClCompile>
    <ClCompile Include="question30.cpp">
      <Filter>源文件</Filter>
    </ClCompile>
    <ClCompile Include="question31.cpp">
      <Filter>源文件</Filter>
    </ClCompile>
    <ClCompile Include="question32.cpp">
      <Filter>源文件</Filter>
    </ClCompile>
    <ClCompile Include="question33.cpp">
      <Filter>源文件</Filter>
    </ClCompile>
    <ClCompile Include="question34.cpp">
      <Filter>源文件</Filter>
    </ClCompile>
    <ClCompile Include="question35.cpp">
      <Filter>源文件</Filter>
    </ClCompile>
    <ClCompile Include="question4.cpp">
      <Filter>源文件</Filter>
    </ClCompile>
    <ClCompile Include="question7.cpp">
      <Filter>源文件</Filter>
    </ClCompile>
    <ClCompile Include="question9.cpp">
      <Filter>源文件</Filter>
    </ClCompile>
    <ClCompile Include="question11.cpp">
      <Filter>源文件</Filter>
    </ClCompile>
    <ClCompile Include="question10.cpp">
      <Filter>源文件</Filter>
    </ClCompile>
    <ClCompile Include="question10_1.cpp">
      <Filter>源文件</Filter>
    </ClCompile>
    <ClCompile Include="question10_2.cpp">
      <Filter>源文件</Filter>
    </ClCompile>
    <ClCompile Include="question10_3.cpp">
      <Filter>源文件</Filter>
    </ClCompile>
    <ClCompile Include="question15.cpp">
      <Filter>源文件</Filter>
    </ClCompile>
    <ClCompile Include="question16.cpp">
      <Filter>源文件</Filter>
    </ClCompile>
    <ClCompile Include="question21.cpp">
      <Filter>源文件</Filter>
    </ClCompile>
    <ClCompile Include="question22.cpp">
      <Filter>源文件</Filter>
    </ClCompile>
    <ClCompile Include="question24.cpp">
      <Filter>源文件</Filter>
    </ClCompile>
    <ClCompile Include="question25.cpp">
      <Filter>源文件</Filter>
    </ClCompile>
    <ClCompile Include="question26.cpp">
      <Filter>源文件</Filter>
    </ClCompile>
    <ClCompile Include="question36.cpp">
      <Filter>源文件</Filter>
    </ClCompile>
    <ClCompile Include="question39.cpp">
      <Filter>源文件</Filter>
    </ClCompile>
    <ClCompile Include="question38.cpp">
      <Filter>源文件</Filter>
    </ClCompile>
    <ClCompile Include="question40.cpp">
      <Filter>源文件</Filter>
    </ClCompile>
    <ClCompile Include="question42.cpp">
      <Filter>源文件</Filter>
    </ClCompile>
    <ClCompile Include="question43.cpp">
      <Filter>源文件</Filter>
    </ClCompile>
    <ClCompile Include="question45.cpp">
      <Filter>源文件</Filter>
    </ClCompile>
    <ClCompile Include="question49.cpp">
      <Filter>源文件</Filter>
    </ClCompile>
    <ClCompile Include="question50.cpp">
      <Filter>源文件</Filter>
    </ClCompile>
    <ClCompile Include="question51.cpp">
      <Filter>源文件</Filter>
    </ClCompile>
  </ItemGroup>
  <ItemGroup>
    <ClInclude Include="question.h">
      <Filter>头文件</Filter>
    </ClInclude>
  </ItemGroup>
</Project>